Microsoft Visual Studio Solution File, Format Version 12.00
# Visual Studio Version 17
VisualStudioVersion = 17.5.2.0
MinimumVisualStudioVersion = 10.0.40219.1
Project("{FAE04EC0-301F-11D3-BF4B-00C04F79EFBC}") = "drawedOut", "drawedOut.csproj", "{581A250C-A327-4FB7-CDC7-40E0A6DEADCD}"
EndProject
Global
	GlobalSection(SolutionConfigurationPlatforms) = preSolution
		Debug|Any CPU = Debug|Any CPU
		Release|Any CPU = Release|Any CPU
	EndGlobalSection
	GlobalSection(ProjectConfigurationPlatforms) = postSolution
		{581A250C-A327-4FB7-CDC7-40E0A6DEADCD}.Debug|Any CPU.ActiveCfg = Debug|Any CPU
		{581A250C-A327-4FB7-CDC7-40E0A6DEADCD}.Debug|Any CPU.Build.0 = Debug|Any CPU
		{581A250C-A327-4FB7-CDC7-40E0A6DEADCD}.Release|Any CPU.ActiveCfg = Release|Any CPU
		{581A250C-A327-4FB7-CDC7-40E0A6DEADCD}.Release|Any CPU.Build.0 = Release|Any CPU
	EndGlobalSection
	GlobalSection(SolutionProperties) = preSolution
		HideSolutionNode = FALSE
	EndGlobalSection
	GlobalSection(ExtensibilityGlobals) = postSolution
		SolutionGuid = {FFA108C4-764C-410E-8EB5-611FEA0E95CA}
	EndGlobalSection
EndGlobal
